// !$*UTF8*$!
{
	archiveVersion = 1;
	classes = {
	};
	objectVersion = 46;
	objects = {

/* Begin PBXBuildFile section */
		BA7894541E7788AF00843D08 /* AppDelegate.swift in Sources */ = {isa = PBXBuildFile; fileRef = BA7894531E7788AF00843D08 /* AppDelegate.swift */; };
		BA7894561E7788AF00843D08 /* ViewController.swift in Sources */ = {isa = PBXBuildFile; fileRef = BA7894551E7788AF00843D08 /* ViewController.swift */; };
		BA7894591E7788AF00843D08 /* _____________________________________.xcdatamodeld in Sources */ = {isa = PBXBuildFile; fileRef = BA7894571E7788AF00843D08 /* _____________________________________.xcdatamodeld */; };
		BA78945B1E7788AF00843D08 /* Assets.xcassets in Resources */ = {isa = PBXBuildFile; fileRef = BA78945A1E7788AF00843D08 /* Assets.xcassets */; };
		BA78945E1E7788AF00843D08 /* Main.storyboard in Resources */ = {isa = PBXBuildFile; fileRef = BA78945C1E7788AF00843D08 /* Main.storyboard */; };
/* End PBXBuildFile section */

/* Begin PBXFileReference section */
		BA7894501E7788AF00843D08 /* 한국디지털미디어고등학교 디미밥.app */ = {isa = PBXFileReference; explicitFileType = wrapper.application; includeInIndex = 0; path = "한국디지털미디어고등학교 디미밥.app"; sourceTree = BUILT_PRODUCTS_DIR; };
		BA7894531E7788AF00843D08 /* AppDelegate.swift */ = {isa = PBXFileReference; lastKnownFileType = sourcecode.swift; path = AppDelegate.swift; sourceTree = "<group>"; };
		BA7894551E7788AF00843D08 /* ViewController.swift */ = {isa = PBXFileReference; lastKnownFileType = sourcecode.swift; path = ViewController.swift; sourceTree = "<group>"; };
		BA7894581E7788AF00843D08 /* _____________________________________.xcdatamodel */ = {isa = PBXFileReference; lastKnownFileType = wrapper.xcdatamodel; path = "_____________________________________.xcdatamodel"; sourceTree = "<group>"; };
		BA78945A1E7788AF00843D08 /* Assets.xcassets */ = {isa = PBXFileReference; lastKnownFileType = folder.assetcatalog; path = Assets.xcassets; sourceTree = "<group>"; };
		BA78945D1E7788AF00843D08 /* Base */ = {isa = PBXFileReference; lastKnownFileType = file.storyboard; name = Base; path = Base.lproj/Main.storyboard; sourceTree = "<group>"; };
		BA78945F1E7788AF00843D08 /* Info.plist */ = {isa = PBXFileReference; lastKnownFileType = text.plist.xml; path = Info.plist; sourceTree = "<group>"; };
/* End PBXFileReference section */

/* Begin PBXFrameworksBuildPhase section */
		BA78944D1E7788AF00843D08 /* Frameworks */ = {
			isa = PBXFrameworksBuildPhase;
			buildActionMask = 2147483647;
			files = (
			);
			runOnlyForDeploymentPostprocessing = 0;
		};
/* End PBXFrameworksBuildPhase section */

/* Begin PBXGroup section */
		BA7894471E7788AF00843D08 = {
			isa = PBXGroup;
			children = (
				BA7894521E7788AF00843D08 /* 한국디지털미디어고등학교 디미밥 */,
				BA7894511E7788AF00843D08 /* Products */,
			);
			sourceTree = "<group>";
		};
		BA7894511E7788AF00843D08 /* Products */ = {
			isa = PBXGroup;
			children = (
				BA7894501E7788AF00843D08 /* 한국디지털미디어고등학교 디미밥.app */,
			);
			name = Products;
			sourceTree = "<group>";
		};
		BA7894521E7788AF00843D08 /* 한국디지털미디어고등학교 디미밥 */ = {
			isa = PBXGroup;
			children = (
				BA7894531E7788AF00843D08 /* AppDelegate.swift */,
				BA7894551E7788AF00843D08 /* ViewController.swift */,
				BA78945A1E7788AF00843D08 /* Assets.xcassets */,
				BA78945C1E7788AF00843D08 /* Main.storyboard */,
				BA78945F1E7788AF00843D08 /* Info.plist */,
				BA7894571E7788AF00843D08 /* _____________________________________.xcdatamodeld */,
			);
			path = "한국디지털미디어고등학교 디미밥";
			sourceTree = "<group>";
		};
/* End PBXGroup section */

/* Begin PBXNativeTarget section */
		BA78944F1E7788AF00843D08 /* 한국디지털미디어고등학교 디미밥 */ = {
			isa = PBXNativeTarget;
			buildConfigurationList = BA7894621E7788AF00843D08 /* Build configuration list for PBXNativeTarget "한국디지털미디어고등학교 디미밥" */;
			buildPhases = (
				BA78944C1E7788AF00843D08 /* Sources */,
				BA78944D1E7788AF00843D08 /* Frameworks */,
				BA78944E1E7788AF00843D08 /* Resources */,
			);
			buildRules = (
			);
			dependencies = (
			);
			name = "한국디지털미디어고등학교 디미밥";
			productName = "한국디지털미디어고등학교 디미밥";
			productReference = BA7894501E7788AF00843D08 /* 한국디지털미디어고등학교 디미밥.app */;
			productType = "com.apple.product-type.application";
		};
/* End PBXNativeTarget section */

/* Begin PBXProject section */
		BA7894481E7788AF00843D08 /* Project object */ = {
			isa = PBXProject;
			attributes = {
				LastSwiftUpdateCheck = 0830;
				LastUpgradeCheck = 0830;
				ORGANIZATIONNAME = "MR.LEE(leeshoon1344)";
				TargetAttributes = {
					BA78944F1E7788AF00843D08 = {
						CreatedOnToolsVersion = 8.3;
						DevelopmentTeam = KRV36W9KWF;
						ProvisioningStyle = Automatic;
					};
				};
			};
			buildConfigurationList = BA78944B1E7788AF00843D08 /* Build configuration list for PBXProject "한국디지털미디어고등학교 디미밥" */;
			compatibilityVersion = "Xcode 3.2";
			developmentRegion = English;
			hasScannedForEncodings = 0;
			knownRegions = (
				en,
				Base,
			);
			mainGroup = BA7894471E7788AF00843D08;
			productRefGroup = BA7894511E7788AF00843D08 /* Products */;
			projectDirPath = "";
			projectRoot = "";
			targets = (
				BA78944F1E7788AF00843D08 /* 한국디지털미디어고등학교 디미밥 */,
			);
		};
/* End PBXProject section */

/* Begin PBXResourcesBuildPhase section */
		BA78944E1E7788AF00843D08 /* Resources */ = {
			isa = PBXResourcesBuildPhase;
			buildActionMask = 2147483647;
			files = (
				BA78945B1E7788AF00843D08 /* Assets.xcassets in Resources */,
				BA78945E1E7788AF00843D08 /* Main.storyboard in Resources */,
			);
			runOnlyForDeploymentPostprocessing = 0;
		};
/* End PBXResourcesBuildPhase section */

/* Begin PBXSourcesBuildPhase section */
		BA78944C1E7788AF00843D08 /* Sources */ = {
			isa = PBXSourcesBuildPhase;
			buildActionMask = 2147483647;
			files = (
				BA7894591E7788AF00843D08 /* _____________________________________.xcdatamodeld in Sources */,
				BA7894561E7788AF00843D08 /* ViewController.swift in Sources */,
				BA7894541E7788AF00843D08 /* AppDelegate.swift in Sources */,
			);
			runOnlyForDeploymentPostprocessing = 0;
		};
/* End PBXSourcesBuildPhase section */

/* Begin PBXVariantGroup section */
		BA78945C1E7788AF00843D08 /* Main.storyboard */ = {
			isa = PBXVariantGroup;
			children = (
				BA78945D1E7788AF00843D08 /* Base */,
			);
			name = Main.storyboard;
			sourceTree = "<group>";
		};
/* End PBXVariantGroup section */

/* Begin XCBuildConfiguration section */
		BA7894601E7788AF00843D08 /* Debug */ = {
			isa = XCBuildConfiguration;
			buildSettings = {
				ALWAYS_SEARCH_USER_PATHS = NO;
				CLANG_ANALYZER_NONNULL = YES;
				CLANG_ANALYZER_NUMBER_OBJECT_CONVERSION = YES_AGGRESSIVE;
				CLANG_CXX_LANGUAGE_STANDARD = "gnu++0x";
				CLANG_CXX_LIBRARY = "libc++";
				CLANG_ENABLE_MODULES = YES;
				CLANG_ENABLE_OBJC_ARC = YES;
				CLANG_WARN_BOOL_CONVERSION = YES;
				CLANG_WARN_CONSTANT_CONVERSION = YES;
				CLANG_WARN_DIRECT_OBJC_ISA_USAGE = YES_ERROR;
				CLANG_WARN_DOCUMENTATION_COMMENTS = YES;
				CLANG_WARN_EMPTY_BODY = YES;
				CLANG_WARN_ENUM_CONVERSION = YES;
				CLANG_WARN_INFINITE_RECURSION = YES;
				CLANG_WARN_INT_CONVERSION = YES;
				CLANG_WARN_OBJC_ROOT_CLASS = YES_ERROR;
				CLANG_WARN_SUSPICIOUS_MOVE = YES;
				CLANG_WARN_UNREACHABLE_CODE = YES;
				CLANG_WARN__DUPLICATE_METHOD_MATCH = YES;
				CODE_SIGN_IDENTITY = "-";
				COPY_PHASE_STRIP = NO;
				DEBUG_INFORMATION_FORMAT = dwarf;
				ENABLE_STRICT_OBJC_MSGSEND = YES;
				ENABLE_TESTABILITY = YES;
				GCC_C_LANGUAGE_STANDARD = gnu99;
				GCC_DYNAMIC_NO_PIC = NO;
				GCC_NO_COMMON_BLOCKS = YES;
				GCC_OPTIMIZATION_LEVEL = 0;
				GCC_PREPROCESSOR_DEFINITIONS = (
					"DEBUG=1",
					"$(inherited)",
				);
				GCC_WARN_64_TO_32_BIT_CONVERSION = YES;
				GCC_WARN_ABOUT_RETURN_TYPE = YES_ERROR;
				GCC_WARN_UNDECLARED_SELECTOR = YES;
				GCC_WARN_UNINITIALIZED_AUTOS = YES_AGGRESSIVE;
				GCC_WARN_UNUSED_FUNCTION = YES;
				GCC_WARN_UNUSED_VARIABLE = YES;
				MACOSX_DEPLOYMENT_TARGET = 10.12;
				MTL_ENABLE_DEBUG_INFO = YES;
				ONLY_ACTIVE_ARCH = YES;
				SDKROOT = macosx;
				SWIFT_ACTIVE_COMPILATION_CONDITIONS = DEBUG;
				SWIFT_OPTIMIZATION_LEVEL = "-Onone";
			};
			name = Debug;
		};
		BA7894611E7788AF00843D08 /* Release */ = {
			isa = XCBuildConfiguration;
			buildSettings = {
				ALWAYS_SEARCH_USER_PATHS = NO;
				CLANG_ANALYZER_NONNULL = YES;
				CLANG_ANALYZER_NUMBER_OBJECT_CONVERSION = YES_AGGRESSIVE;
				CLANG_CXX_LANGUAGE_STANDARD = "gnu++0x";
				CLANG_CXX_LIBRARY = "libc++";
				CLANG_ENABLE_MODULES = YES;
				CLANG_ENABLE_OBJC_ARC = YES;
				CLANG_WARN_BOOL_CONVERSION = YES;
				CLANG_WARN_CONSTANT_CONVERSION = YES;
				CLANG_WARN_DIRECT_OBJC_ISA_USAGE = YES_ERROR;
				CLANG_WARN_DOCUMENTATION_COMMENTS = YES;
				CLANG_WARN_EMPTY_BODY = YES;
				CLANG_WARN_ENUM_CONVERSION = YES;
				CLANG_WARN_INFINITE_RECURSION = YES;
				CLANG_WARN_INT_CONVERSION = YES;
				CLANG_WARN_OBJC_ROOT_CLASS = YES_ERROR;
				CLANG_WARN_SUSPICIOUS_MOVE = YES;
				CLANG_WARN_UNREACHABLE_CODE = YES;
				CLANG_WARN__DUPLICATE_METHOD_MATCH = YES;
				CODE_SIGN_IDENTITY = "-";
				COPY_PHASE_STRIP = NO;
				DEBUG_INFORMATION_FORMAT = "dwarf-with-dsym";
				ENABLE_NS_ASSERTIONS = NO;
				ENABLE_STRICT_OBJC_MSGSEND = YES;
				GCC_C_LANGUAGE_STANDARD = gnu99;
				GCC_NO_COMMON_BLOCKS = YES;
				GCC_WARN_64_TO_32_BIT_CONVERSION = YES;
				GCC_WARN_ABOUT_RETURN_TYPE = YES_ERROR;
				GCC_WARN_UNDECLARED_SELECTOR = YES;
				GCC_WARN_UNINITIALIZED_AUTOS = YES_AGGRESSIVE;
				GCC_WARN_UNUSED_FUNCTION = YES;
				GCC_WARN_UNUSED_VARIABLE = YES;
				MACOSX_DEPLOYMENT_TARGET = 10.12;
				MTL_ENABLE_DEBUG_INFO = NO;
				SDKROOT = macosx;
				SWIFT_OPTIMIZATION_LEVEL = "-Owholemodule";
			};
			name = Release;
		};
		BA7894631E7788AF00843D08 /* Debug */ = {
			isa = XCBuildConfiguration;
			buildSettings = {
				ASSETCATALOG_COMPILER_APPICON_NAME = AppIcon;
				COMBINE_HIDPI_IMAGES = YES;
				DEVELOPMENT_TEAM = KRV36W9KWF;
				INFOPLIST_FILE = "한국디지털미디어고등학교 디미밥/Info.plist";
				LD_RUNPATH_SEARCH_PATHS = "$(inherited) @executable_path/../Frameworks";
				PRODUCT_BUNDLE_IDENTIFIER = "me.sangs.dimigo.bab.-------------------------------------";
				PRODUCT_NAME = "$(TARGET_NAME)";
				SWIFT_VERSION = 3.0;
			};
			name = Debug;
		};
		BA7894641E7788AF00843D08 /* Release */ = {
			isa = XCBuildConfiguration;
			buildSettings = {
				ASSETCATALOG_COMPILER_APPICON_NAME = AppIcon;
				COMBINE_HIDPI_IMAGES = YES;
				DEVELOPMENT_TEAM = KRV36W9KWF;
				INFOPLIST_FILE = "한국디지털미디어고등학교 디미밥/Info.plist";
				LD_RUNPATH_SEARCH_PATHS = "$(inherited) @executable_path/../Frameworks";
				PRODUCT_BUNDLE_IDENTIFIER = "me.sangs.dimigo.bab.-------------------------------------";
				PRODUCT_NAME = "$(TARGET_NAME)";
				SWIFT_VERSION = 3.0;
			};
			name = Release;
		};
/* End XCBuildConfiguration section */

/* Begin XCConfigurationList section */
		BA78944B1E7788AF00843D08 /* Build configuration list for PBXProject "한국디지털미디어고등학교 디미밥" */ = {
			isa = XCConfigurationList;
			buildConfigurations = (
				BA7894601E7788AF00843D08 /* Debug */,
				BA7894611E7788AF00843D08 /* Release */,
			);
			defaultConfigurationIsVisible = 0;
			defaultConfigurationName = Release;
		};
		BA7894621E7788AF00843D08 /* Build configuration list for PBXNativeTarget "한국디지털미디어고등학교 디미밥" */ = {
			isa = XCConfigurationList;
			buildConfigurations = (
				BA7894631E7788AF00843D08 /* Debug */,
				BA7894641E7788AF00843D08 /* Release */,
			);
			defaultConfigurationIsVisible = 0;
		};
/* End XCConfigurationList section */

/* Begin XCVersionGroup section */
		BA7894571E7788AF00843D08 /* _____________________________________.xcdatamodeld */ = {
			isa = XCVersionGroup;
			children = (
				BA7894581E7788AF00843D08 /* _____________________________________.xcdatamodel */,
			);
			currentVersion = BA7894581E7788AF00843D08 /* _____________________________________.xcdatamodel */;
			path = "_____________________________________.xcdatamodeld";
			sourceTree = "<group>";
			versionGroupType = wrapper.xcdatamodel;
		};
/* End XCVersionGroup section */
	};
	rootObject = BA7894481E7788AF00843D08 /* Project object */;
}
