// !$*UTF8*$!
{
	archiveVersion = 1;
	classes = {
	};
	objectVersion = 46;
	objects = {

/* Begin PBXBuildFile section */
		BAFF2B0B1E7A531A00833137 /* AppDelegate.swift in Sources */ = {isa = PBXBuildFile; fileRef = BAFF2B0A1E7A531A00833137 /* AppDelegate.swift */; };
		BAFF2B0D1E7A531A00833137 /* ViewController.swift in Sources */ = {isa = PBXBuildFile; fileRef = BAFF2B0C1E7A531A00833137 /* ViewController.swift */; };
		BAFF2B101E7A531A00833137 /* Dimibob.xcdatamodeld in Sources */ = {isa = PBXBuildFile; fileRef = BAFF2B0E1E7A531A00833137 /* Dimibob.xcdatamodeld */; };
		BAFF2B121E7A531A00833137 /* Assets.xcassets in Resources */ = {isa = PBXBuildFile; fileRef = BAFF2B111E7A531A00833137 /* Assets.xcassets */; };
		BAFF2B151E7A531A00833137 /* Main.storyboard in Resources */ = {isa = PBXBuildFile; fileRef = BAFF2B131E7A531A00833137 /* Main.storyboard */; };
/* End PBXBuildFile section */

/* Begin PBXFileReference section */
		BAFF2B071E7A531A00833137 /* Dimibob.app */ = {isa = PBXFileReference; explicitFileType = wrapper.application; includeInIndex = 0; path = Dimibob.app; sourceTree = BUILT_PRODUCTS_DIR; };
		BAFF2B0A1E7A531A00833137 /* AppDelegate.swift */ = {isa = PBXFileReference; lastKnownFileType = sourcecode.swift; path = AppDelegate.swift; sourceTree = "<group>"; };
		BAFF2B0C1E7A531A00833137 /* ViewController.swift */ = {isa = PBXFileReference; lastKnownFileType = sourcecode.swift; path = ViewController.swift; sourceTree = "<group>"; };
		BAFF2B0F1E7A531A00833137 /* Dimibob.xcdatamodel */ = {isa = PBXFileReference; lastKnownFileType = wrapper.xcdatamodel; path = Dimibob.xcdatamodel; sourceTree = "<group>"; };
		BAFF2B111E7A531A00833137 /* Assets.xcassets */ = {isa = PBXFileReference; lastKnownFileType = folder.assetcatalog; path = Assets.xcassets; sourceTree = "<group>"; };
		BAFF2B141E7A531A00833137 /* Base */ = {isa = PBXFileReference; lastKnownFileType = file.storyboard; name = Base; path = Base.lproj/Main.storyboard; sourceTree = "<group>"; };
		BAFF2B161E7A531A00833137 /* Info.plist */ = {isa = PBXFileReference; lastKnownFileType = text.plist.xml; path = Info.plist; sourceTree = "<group>"; };
/* End PBXFileReference section */

/* Begin PBXFrameworksBuildPhase section */
		BAFF2B041E7A531A00833137 /* Frameworks */ = {
			isa = PBXFrameworksBuildPhase;
			buildActionMask = 2147483647;
			files = (
			);
			runOnlyForDeploymentPostprocessing = 0;
		};
/* End PBXFrameworksBuildPhase section */

/* Begin PBXGroup section */
		BAFF2AFE1E7A531A00833137 = {
			isa = PBXGroup;
			children = (
				BAFF2B091E7A531A00833137 /* Dimibob */,
				BAFF2B081E7A531A00833137 /* Products */,
			);
			sourceTree = "<group>";
		};
		BAFF2B081E7A531A00833137 /* Products */ = {
			isa = PBXGroup;
			children = (
				BAFF2B071E7A531A00833137 /* Dimibob.app */,
			);
			name = Products;
			sourceTree = "<group>";
		};
		BAFF2B091E7A531A00833137 /* Dimibob */ = {
			isa = PBXGroup;
			children = (
				BAFF2B0A1E7A531A00833137 /* AppDelegate.swift */,
				BAFF2B0C1E7A531A00833137 /* ViewController.swift */,
				BAFF2B111E7A531A00833137 /* Assets.xcassets */,
				BAFF2B131E7A531A00833137 /* Main.storyboard */,
				BAFF2B161E7A531A00833137 /* Info.plist */,
				BAFF2B0E1E7A531A00833137 /* Dimibob.xcdatamodeld */,
			);
			path = Dimibob;
			sourceTree = "<group>";
		};
/* End PBXGroup section */

/* Begin PBXNativeTarget section */
		BAFF2B061E7A531A00833137 /* Dimibob */ = {
			isa = PBXNativeTarget;
			buildConfigurationList = BAFF2B191E7A531A00833137 /* Build configuration list for PBXNativeTarget "Dimibob" */;
			buildPhases = (
				BAFF2B031E7A531A00833137 /* Sources */,
				BAFF2B041E7A531A00833137 /* Frameworks */,
				BAFF2B051E7A531A00833137 /* Resources */,
			);
			buildRules = (
			);
			dependencies = (
			);
			name = Dimibob;
			productName = Dimibob;
			productReference = BAFF2B071E7A531A00833137 /* Dimibob.app */;
			productType = "com.apple.product-type.application";
		};
/* End PBXNativeTarget section */

/* Begin PBXProject section */
		BAFF2AFF1E7A531A00833137 /* Project object */ = {
			isa = PBXProject;
			attributes = {
				LastSwiftUpdateCheck = 0830;
				LastUpgradeCheck = 0830;
				ORGANIZATIONNAME = "MR.LEE(leeshoon1344)";
				TargetAttributes = {
					BAFF2B061E7A531A00833137 = {
						CreatedOnToolsVersion = 8.3;
						DevelopmentTeam = KRV36W9KWF;
						ProvisioningStyle = Automatic;
					};
				};
			};
			buildConfigurationList = BAFF2B021E7A531A00833137 /* Build configuration list for PBXProject "Dimibob" */;
			compatibilityVersion = "Xcode 3.2";
			developmentRegion = English;
			hasScannedForEncodings = 0;
			knownRegions = (
				en,
				Base,
			);
			mainGroup = BAFF2AFE1E7A531A00833137;
			productRefGroup = BAFF2B081E7A531A00833137 /* Products */;
			projectDirPath = "";
			projectRoot = "";
			targets = (
				BAFF2B061E7A531A00833137 /* Dimibob */,
			);
		};
/* End PBXProject section */

/* Begin PBXResourcesBuildPhase section */
		BAFF2B051E7A531A00833137 /* Resources */ = {
			isa = PBXResourcesBuildPhase;
			buildActionMask = 2147483647;
			files = (
				BAFF2B121E7A531A00833137 /* Assets.xcassets in Resources */,
				BAFF2B151E7A531A00833137 /* Main.storyboard in Resources */,
			);
			runOnlyForDeploymentPostprocessing = 0;
		};
/* End PBXResourcesBuildPhase section */

/* Begin PBXSourcesBuildPhase section */
		BAFF2B031E7A531A00833137 /* Sources */ = {
			isa = PBXSourcesBuildPhase;
			buildActionMask = 2147483647;
			files = (
				BAFF2B0D1E7A531A00833137 /* ViewController.swift in Sources */,
				BAFF2B101E7A531A00833137 /* Dimibob.xcdatamodeld in Sources */,
				BAFF2B0B1E7A531A00833137 /* AppDelegate.swift in Sources */,
			);
			runOnlyForDeploymentPostprocessing = 0;
		};
/* End PBXSourcesBuildPhase section */

/* Begin PBXVariantGroup section */
		BAFF2B131E7A531A00833137 /* Main.storyboard */ = {
			isa = PBXVariantGroup;
			children = (
				BAFF2B141E7A531A00833137 /* Base */,
			);
			name = Main.storyboard;
			sourceTree = "<group>";
		};
/* End PBXVariantGroup section */

/* Begin XCBuildConfiguration section */
		BAFF2B171E7A531A00833137 /* Debug */ = {
			isa = XCBuildConfiguration;
			buildSettings = {
				ALWAYS_SEARCH_USER_PATHS = NO;
				CLANG_ANALYZER_NONNULL = YES;
				CLANG_ANALYZER_NUMBER_OBJECT_CONVERSION = YES_AGGRESSIVE;
				CLANG_CXX_LANGUAGE_STANDARD = "gnu++0x";
				CLANG_CXX_LIBRARY = "libc++";
				CLANG_ENABLE_MODULES = YES;
				CLANG_ENABLE_OBJC_ARC = YES;
				CLANG_WARN_BOOL_CONVERSION = YES;
				CLANG_WARN_CONSTANT_CONVERSION = YES;
				CLANG_WARN_DIRECT_OBJC_ISA_USAGE = YES_ERROR;
				CLANG_WARN_DOCUMENTATION_COMMENTS = YES;
				CLANG_WARN_EMPTY_BODY = YES;
				CLANG_WARN_ENUM_CONVERSION = YES;
				CLANG_WARN_INFINITE_RECURSION = YES;
				CLANG_WARN_INT_CONVERSION = YES;
				CLANG_WARN_OBJC_ROOT_CLASS = YES_ERROR;
				CLANG_WARN_SUSPICIOUS_MOVE = YES;
				CLANG_WARN_UNREACHABLE_CODE = YES;
				CLANG_WARN__DUPLICATE_METHOD_MATCH = YES;
				CODE_SIGN_IDENTITY = "-";
				COPY_PHASE_STRIP = NO;
				DEBUG_INFORMATION_FORMAT = dwarf;
				ENABLE_STRICT_OBJC_MSGSEND = YES;
				ENABLE_TESTABILITY = YES;
				GCC_C_LANGUAGE_STANDARD = gnu99;
				GCC_DYNAMIC_NO_PIC = NO;
				GCC_NO_COMMON_BLOCKS = YES;
				GCC_OPTIMIZATION_LEVEL = 0;
				GCC_PREPROCESSOR_DEFINITIONS = (
					"DEBUG=1",
					"$(inherited)",
				);
				GCC_WARN_64_TO_32_BIT_CONVERSION = YES;
				GCC_WARN_ABOUT_RETURN_TYPE = YES_ERROR;
				GCC_WARN_UNDECLARED_SELECTOR = YES;
				GCC_WARN_UNINITIALIZED_AUTOS = YES_AGGRESSIVE;
				GCC_WARN_UNUSED_FUNCTION = YES;
				GCC_WARN_UNUSED_VARIABLE = YES;
				MACOSX_DEPLOYMENT_TARGET = 10.12;
				MTL_ENABLE_DEBUG_INFO = YES;
				ONLY_ACTIVE_ARCH = YES;
				SDKROOT = macosx;
				SWIFT_ACTIVE_COMPILATION_CONDITIONS = DEBUG;
				SWIFT_OPTIMIZATION_LEVEL = "-Onone";
			};
			name = Debug;
		};
		BAFF2B181E7A531A00833137 /* Release */ = {
			isa = XCBuildConfiguration;
			buildSettings = {
				ALWAYS_SEARCH_USER_PATHS = NO;
				CLANG_ANALYZER_NONNULL = YES;
				CLANG_ANALYZER_NUMBER_OBJECT_CONVERSION = YES_AGGRESSIVE;
				CLANG_CXX_LANGUAGE_STANDARD = "gnu++0x";
				CLANG_CXX_LIBRARY = "libc++";
				CLANG_ENABLE_MODULES = YES;
				CLANG_ENABLE_OBJC_ARC = YES;
				CLANG_WARN_BOOL_CONVERSION = YES;
				CLANG_WARN_CONSTANT_CONVERSION = YES;
				CLANG_WARN_DIRECT_OBJC_ISA_USAGE = YES_ERROR;
				CLANG_WARN_DOCUMENTATION_COMMENTS = YES;
				CLANG_WARN_EMPTY_BODY = YES;
				CLANG_WARN_ENUM_CONVERSION = YES;
				CLANG_WARN_INFINITE_RECURSION = YES;
				CLANG_WARN_INT_CONVERSION = YES;
				CLANG_WARN_OBJC_ROOT_CLASS = YES_ERROR;
				CLANG_WARN_SUSPICIOUS_MOVE = YES;
				CLANG_WARN_UNREACHABLE_CODE = YES;
				CLANG_WARN__DUPLICATE_METHOD_MATCH = YES;
				CODE_SIGN_IDENTITY = "-";
				COPY_PHASE_STRIP = NO;
				DEBUG_INFORMATION_FORMAT = "dwarf-with-dsym";
				ENABLE_NS_ASSERTIONS = NO;
				ENABLE_STRICT_OBJC_MSGSEND = YES;
				GCC_C_LANGUAGE_STANDARD = gnu99;
				GCC_NO_COMMON_BLOCKS = YES;
				GCC_WARN_64_TO_32_BIT_CONVERSION = YES;
				GCC_WARN_ABOUT_RETURN_TYPE = YES_ERROR;
				GCC_WARN_UNDECLARED_SELECTOR = YES;
				GCC_WARN_UNINITIALIZED_AUTOS = YES_AGGRESSIVE;
				GCC_WARN_UNUSED_FUNCTION = YES;
				GCC_WARN_UNUSED_VARIABLE = YES;
				MACOSX_DEPLOYMENT_TARGET = 10.12;
				MTL_ENABLE_DEBUG_INFO = NO;
				SDKROOT = macosx;
				SWIFT_OPTIMIZATION_LEVEL = "-Owholemodule";
			};
			name = Release;
		};
		BAFF2B1A1E7A531A00833137 /* Debug */ = {
			isa = XCBuildConfiguration;
			buildSettings = {
				ASSETCATALOG_COMPILER_APPICON_NAME = AppIcon;
				COMBINE_HIDPI_IMAGES = YES;
				DEVELOPMENT_TEAM = KRV36W9KWF;
				INFOPLIST_FILE = Dimibob/Info.plist;
				LD_RUNPATH_SEARCH_PATHS = "$(inherited) @executable_path/../Frameworks";
				PRODUCT_BUNDLE_IDENTIFIER = me.sangs.dimigo.bab.Dimibob;
				PRODUCT_NAME = "$(TARGET_NAME)";
				SWIFT_VERSION = 3.0;
			};
			name = Debug;
		};
		BAFF2B1B1E7A531A00833137 /* Release */ = {
			isa = XCBuildConfiguration;
			buildSettings = {
				ASSETCATALOG_COMPILER_APPICON_NAME = AppIcon;
				COMBINE_HIDPI_IMAGES = YES;
				DEVELOPMENT_TEAM = KRV36W9KWF;
				INFOPLIST_FILE = Dimibob/Info.plist;
				LD_RUNPATH_SEARCH_PATHS = "$(inherited) @executable_path/../Frameworks";
				PRODUCT_BUNDLE_IDENTIFIER = me.sangs.dimigo.bab.Dimibob;
				PRODUCT_NAME = "$(TARGET_NAME)";
				SWIFT_VERSION = 3.0;
			};
			name = Release;
		};
/* End XCBuildConfiguration section */

/* Begin XCConfigurationList section */
		BAFF2B021E7A531A00833137 /* Build configuration list for PBXProject "Dimibob" */ = {
			isa = XCConfigurationList;
			buildConfigurations = (
				BAFF2B171E7A531A00833137 /* Debug */,
				BAFF2B181E7A531A00833137 /* Release */,
			);
			defaultConfigurationIsVisible = 0;
			defaultConfigurationName = Release;
		};
		BAFF2B191E7A531A00833137 /* Build configuration list for PBXNativeTarget "Dimibob" */ = {
			isa = XCConfigurationList;
			buildConfigurations = (
				BAFF2B1A1E7A531A00833137 /* Debug */,
				BAFF2B1B1E7A531A00833137 /* Release */,
			);
			defaultConfigurationIsVisible = 0;
		};
/* End XCConfigurationList section */

/* Begin XCVersionGroup section */
		BAFF2B0E1E7A531A00833137 /* Dimibob.xcdatamodeld */ = {
			isa = XCVersionGroup;
			children = (
				BAFF2B0F1E7A531A00833137 /* Dimibob.xcdatamodel */,
			);
			currentVersion = BAFF2B0F1E7A531A00833137 /* Dimibob.xcdatamodel */;
			path = Dimibob.xcdatamodeld;
			sourceTree = "<group>";
			versionGroupType = wrapper.xcdatamodel;
		};
/* End XCVersionGroup section */
	};
	rootObject = BAFF2AFF1E7A531A00833137 /* Project object */;
}
